{
  "name": "WEB2_PokeReactApp",
  "lockfileVersion": 3,
  "requires": true,
  "packages": {
    "": {
      "dependencies": {
        "pokeapi-sprites": "^2.0.4"
      }
    },
    "node_modules/pokeapi-sprites": {
      "version": "2.0.4",
      "resolved": "https://registry.npmjs.org/pokeapi-sprites/-/pokeapi-sprites-2.0.4.tgz",
      "integrity": "sha512-4tuHyESObYjlO27q4KmkMQAgEeJ5mdljf1gYMgtqFN4vBwO9698pEB0hKR6mZ2JHk7WOoHGg0Spo0pfvc7GOKw==",
      "license": "ISC"
    }
  }
}
